
Microsoft Visual Studio Solution File, Format Version 12.00
# Visual Studio 15
VisualStudioVersion = 15.0.28307.489
MinimumVisualStudioVersion = 10.0.40219.1
Project("{FAE04EC0-301F-11D3-BF4B-00C04F79EFBC}") = "CharRadiology", "CharRadiology\CharRadiology.csproj", "{97868BD5-2A71-4516-8459-78022E3329D8}"
EndProject
Project("{FAE04EC0-301F-11D3-BF4B-00C04F79EFBC}") = "CharRadiology.Core", "CharRadiology.Core\CharRadiology.Core.csproj", "{129A1DED-350D-4B39-89FF-71B169C546E7}"
EndProject
Project("{FAE04EC0-301F-11D3-BF4B-00C04F79EFBC}") = "CharRunner", "CharRunner\CharRunner.csproj", "{34A81C7F-D829-4326-80C8-F6CCC1338F75}"
	ProjectSection(ProjectDependencies) = postProject
		{97868BD5-2A71-4516-8459-78022E3329D8} = {97868BD5-2A71-4516-8459-78022E3329D8}
	EndProjectSection
EndProject
Global
	GlobalSection(SolutionConfigurationPlatforms) = preSolution
		Debug|Any CPU = Debug|Any CPU
		Release|Any CPU = Release|Any CPU
	EndGlobalSection
	GlobalSection(ProjectConfigurationPlatforms) = postSolution
		{97868BD5-2A71-4516-8459-78022E3329D8}.Debug|Any CPU.ActiveCfg = Debug|Any CPU
		{97868BD5-2A71-4516-8459-78022E3329D8}.Debug|Any CPU.Build.0 = Debug|Any CPU
		{97868BD5-2A71-4516-8459-78022E3329D8}.Release|Any CPU.ActiveCfg = Release|Any CPU
		{97868BD5-2A71-4516-8459-78022E3329D8}.Release|Any CPU.Build.0 = Release|Any CPU
		{129A1DED-350D-4B39-89FF-71B169C546E7}.Debug|Any CPU.ActiveCfg = Debug|Any CPU
		{129A1DED-350D-4B39-89FF-71B169C546E7}.Debug|Any CPU.Build.0 = Debug|Any CPU
		{129A1DED-350D-4B39-89FF-71B169C546E7}.Release|Any CPU.ActiveCfg = Release|Any CPU
		{129A1DED-350D-4B39-89FF-71B169C546E7}.Release|Any CPU.Build.0 = Release|Any CPU
		{34A81C7F-D829-4326-80C8-F6CCC1338F75}.Debug|Any CPU.ActiveCfg = Debug|Any CPU
		{34A81C7F-D829-4326-80C8-F6CCC1338F75}.Debug|Any CPU.Build.0 = Debug|Any CPU
		{34A81C7F-D829-4326-80C8-F6CCC1338F75}.Release|Any CPU.ActiveCfg = Release|Any CPU
		{34A81C7F-D829-4326-80C8-F6CCC1338F75}.Release|Any CPU.Build.0 = Release|Any CPU
	EndGlobalSection
	GlobalSection(SolutionProperties) = preSolution
		HideSolutionNode = FALSE
	EndGlobalSection
	GlobalSection(ExtensibilityGlobals) = postSolution
		SolutionGuid = {2DEC2DAD-7D6B-4B33-8214-B9C189DA0ACC}
	EndGlobalSection
EndGlobal
